
Microsoft Visual Studio Solution File, Format Version 12.00
# Visual Studio 15
VisualStudioVersion = 15.0.27428.2002
MinimumVisualStudioVersion = 10.0.40219.1
Project("{8BC9CEB8-8B4A-11D0-8D11-00A0C91BC942}") = "Project1", "Project1\Project1.vcxproj", "{F790A641-A5B0-4236-9B58-9DF636CE175B}"
EndProject
Global
	GlobalSection(SolutionConfigurationPlatforms) = preSolution
		Debug|x64 = Debug|x64
		Debug|x86 = Debug|x86
		Release|x64 = Release|x64
		Release|x86 = Release|x86
	EndGlobalSection
	GlobalSection(ProjectConfigurationPlatforms) = postSolution
		{F790A641-A5B0-4236-9B58-9DF636CE175B}.Debug|x64.ActiveCfg = Debug|x64
		{F790A641-A5B0-4236-9B58-9DF636CE175B}.Debug|x64.Build.0 = Debug|x64
		{F790A641-A5B0-4236-9B58-9DF636CE175B}.Debug|x86.ActiveCfg = Debug|Win32
		{F790A641-A5B0-4236-9B58-9DF636CE175B}.Debug|x86.Build.0 = Debug|Win32
		{F790A641-A5B0-4236-9B58-9DF636CE175B}.Release|x64.ActiveCfg = Release|x64
		{F790A641-A5B0-4236-9B58-9DF636CE175B}.Release|x64.Build.0 = Release|x64
		{F790A641-A5B0-4236-9B58-9DF636CE175B}.Release|x86.ActiveCfg = Release|Win32
		{F790A641-A5B0-4236-9B58-9DF636CE175B}.Release|x86.Build.0 = Release|Win32
	EndGlobalSection
	GlobalSection(SolutionProperties) = preSolution
		HideSolutionNode = FALSE
	EndGlobalSection
	GlobalSection(ExtensibilityGlobals) = postSolution
		SolutionGuid = {2CC8EB85-493F-4C03-8D42-E69DA6DF989F}
	EndGlobalSection
EndGlobal
