
Microsoft Visual Studio Solution File, Format Version 12.00
# Visual Studio 15
VisualStudioVersion = 15.0.27428.2015
MinimumVisualStudioVersion = 10.0.40219.1
Project("{8BC9CEB8-8B4A-11D0-8D11-00A0C91BC942}") = "Project1", "Project1.vcxproj", "{71ABAB69-6691-4062-8EB2-673A46074536}"
EndProject
Global
	GlobalSection(SolutionConfigurationPlatforms) = preSolution
		Debug|x64 = Debug|x64
		Debug|x86 = Debug|x86
		Release|x64 = Release|x64
		Release|x86 = Release|x86
	EndGlobalSection
	GlobalSection(ProjectConfigurationPlatforms) = postSolution
		{71ABAB69-6691-4062-8EB2-673A46074536}.Debug|x64.ActiveCfg = Debug|x64
		{71ABAB69-6691-4062-8EB2-673A46074536}.Debug|x64.Build.0 = Debug|x64
		{71ABAB69-6691-4062-8EB2-673A46074536}.Debug|x86.ActiveCfg = Debug|Win32
		{71ABAB69-6691-4062-8EB2-673A46074536}.Debug|x86.Build.0 = Debug|Win32
		{71ABAB69-6691-4062-8EB2-673A46074536}.Release|x64.ActiveCfg = Release|x64
		{71ABAB69-6691-4062-8EB2-673A46074536}.Release|x64.Build.0 = Release|x64
		{71ABAB69-6691-4062-8EB2-673A46074536}.Release|x86.ActiveCfg = Release|Win32
		{71ABAB69-6691-4062-8EB2-673A46074536}.Release|x86.Build.0 = Release|Win32
	EndGlobalSection
	GlobalSection(SolutionProperties) = preSolution
		HideSolutionNode = FALSE
	EndGlobalSection
	GlobalSection(ExtensibilityGlobals) = postSolution
		SolutionGuid = {21334020-9F7E-4FFA-A60F-4367363A44E7}
	EndGlobalSection
EndGlobal
