
Microsoft Visual Studio Solution File, Format Version 12.00
# Visual Studio 15
VisualStudioVersion = 15.0.27703.2000
MinimumVisualStudioVersion = 10.0.40219.1
Project("{8BC9CEB8-8B4A-11D0-8D11-00A0C91BC942}") = "stack", "stack.vcxproj", "{7ECEB4A2-A1BA-4A30-BBF8-96A3C41424A2}"
EndProject
Global
	GlobalSection(SolutionConfigurationPlatforms) = preSolution
		Debug|x64 = Debug|x64
		Debug|x86 = Debug|x86
		Release|x64 = Release|x64
		Release|x86 = Release|x86
	EndGlobalSection
	GlobalSection(ProjectConfigurationPlatforms) = postSolution
		{7ECEB4A2-A1BA-4A30-BBF8-96A3C41424A2}.Debug|x64.ActiveCfg = Debug|x64
		{7ECEB4A2-A1BA-4A30-BBF8-96A3C41424A2}.Debug|x64.Build.0 = Debug|x64
		{7ECEB4A2-A1BA-4A30-BBF8-96A3C41424A2}.Debug|x86.ActiveCfg = Debug|Win32
		{7ECEB4A2-A1BA-4A30-BBF8-96A3C41424A2}.Debug|x86.Build.0 = Debug|Win32
		{7ECEB4A2-A1BA-4A30-BBF8-96A3C41424A2}.Release|x64.ActiveCfg = Release|x64
		{7ECEB4A2-A1BA-4A30-BBF8-96A3C41424A2}.Release|x64.Build.0 = Release|x64
		{7ECEB4A2-A1BA-4A30-BBF8-96A3C41424A2}.Release|x86.ActiveCfg = Release|Win32
		{7ECEB4A2-A1BA-4A30-BBF8-96A3C41424A2}.Release|x86.Build.0 = Release|Win32
	EndGlobalSection
	GlobalSection(SolutionProperties) = preSolution
		HideSolutionNode = FALSE
	EndGlobalSection
	GlobalSection(ExtensibilityGlobals) = postSolution
		SolutionGuid = {5BECEF83-1D22-4D4F-B0A3-C0A1F0A7F383}
	EndGlobalSection
EndGlobal
