
Microsoft Visual Studio Solution File, Format Version 12.00
# Visual Studio 15
VisualStudioVersion = 15.0.27130.2027
MinimumVisualStudioVersion = 10.0.40219.1
Project("{8BC9CEB8-8B4A-11D0-8D11-00A0C91BC942}") = "Project1", "Project1\Project1.vcxproj", "{B36A6E71-A41A-4D4C-A13A-C8B567701D08}"
EndProject
Global
	GlobalSection(SolutionConfigurationPlatforms) = preSolution
		Debug|x64 = Debug|x64
		Debug|x86 = Debug|x86
		Release|x64 = Release|x64
		Release|x86 = Release|x86
	EndGlobalSection
	GlobalSection(ProjectConfigurationPlatforms) = postSolution
		{B36A6E71-A41A-4D4C-A13A-C8B567701D08}.Debug|x64.ActiveCfg = Debug|x64
		{B36A6E71-A41A-4D4C-A13A-C8B567701D08}.Debug|x64.Build.0 = Debug|x64
		{B36A6E71-A41A-4D4C-A13A-C8B567701D08}.Debug|x86.ActiveCfg = Debug|Win32
		{B36A6E71-A41A-4D4C-A13A-C8B567701D08}.Debug|x86.Build.0 = Debug|Win32
		{B36A6E71-A41A-4D4C-A13A-C8B567701D08}.Release|x64.ActiveCfg = Release|x64
		{B36A6E71-A41A-4D4C-A13A-C8B567701D08}.Release|x64.Build.0 = Release|x64
		{B36A6E71-A41A-4D4C-A13A-C8B567701D08}.Release|x86.ActiveCfg = Release|Win32
		{B36A6E71-A41A-4D4C-A13A-C8B567701D08}.Release|x86.Build.0 = Release|Win32
	EndGlobalSection
	GlobalSection(SolutionProperties) = preSolution
		HideSolutionNode = FALSE
	EndGlobalSection
	GlobalSection(ExtensibilityGlobals) = postSolution
		SolutionGuid = {B0AA8FD8-DE80-4E2D-9923-47C34486A4C5}
	EndGlobalSection
EndGlobal
