
Microsoft Visual Studio Solution File, Format Version 12.00
# Visual Studio 15
VisualStudioVersion = 15.0.27130.2027
MinimumVisualStudioVersion = 10.0.40219.1
Project("{8BC9CEB8-8B4A-11D0-8D11-00A0C91BC942}") = "Project1", "Project1\Project1.vcxproj", "{180F20C9-A586-4AD2-9A82-557977C71E3C}"
EndProject
Global
	GlobalSection(SolutionConfigurationPlatforms) = preSolution
		Debug|x64 = Debug|x64
		Debug|x86 = Debug|x86
		Release|x64 = Release|x64
		Release|x86 = Release|x86
	EndGlobalSection
	GlobalSection(ProjectConfigurationPlatforms) = postSolution
		{180F20C9-A586-4AD2-9A82-557977C71E3C}.Debug|x64.ActiveCfg = Debug|x64
		{180F20C9-A586-4AD2-9A82-557977C71E3C}.Debug|x64.Build.0 = Debug|x64
		{180F20C9-A586-4AD2-9A82-557977C71E3C}.Debug|x86.ActiveCfg = Debug|Win32
		{180F20C9-A586-4AD2-9A82-557977C71E3C}.Debug|x86.Build.0 = Debug|Win32
		{180F20C9-A586-4AD2-9A82-557977C71E3C}.Release|x64.ActiveCfg = Release|x64
		{180F20C9-A586-4AD2-9A82-557977C71E3C}.Release|x64.Build.0 = Release|x64
		{180F20C9-A586-4AD2-9A82-557977C71E3C}.Release|x86.ActiveCfg = Release|Win32
		{180F20C9-A586-4AD2-9A82-557977C71E3C}.Release|x86.Build.0 = Release|Win32
	EndGlobalSection
	GlobalSection(SolutionProperties) = preSolution
		HideSolutionNode = FALSE
	EndGlobalSection
	GlobalSection(ExtensibilityGlobals) = postSolution
		SolutionGuid = {A5971B64-F4DC-4E9E-A978-D3B7CE2C9AF2}
	EndGlobalSection
EndGlobal
