
Microsoft Visual Studio Solution File, Format Version 12.00
# Visual Studio 15
VisualStudioVersion = 15.0.27703.2000
MinimumVisualStudioVersion = 10.0.40219.1
Project("{8BC9CEB8-8B4A-11D0-8D11-00A0C91BC942}") = "queue", "queue.vcxproj", "{F15EB7F3-CBE6-4E63-B118-F3F5A9B34FB6}"
EndProject
Project("{8BC9CEB8-8B4A-11D0-8D11-00A0C91BC942}") = "linked-list", "..\Project2\Project2.vcxproj", "{77E3B214-4A16-4D4B-8E11-835BA8231DC2}"
EndProject
Global
	GlobalSection(SolutionConfigurationPlatforms) = preSolution
		Debug|x64 = Debug|x64
		Debug|x86 = Debug|x86
		Release|x64 = Release|x64
		Release|x86 = Release|x86
	EndGlobalSection
	GlobalSection(ProjectConfigurationPlatforms) = postSolution
		{F15EB7F3-CBE6-4E63-B118-F3F5A9B34FB6}.Debug|x64.ActiveCfg = Debug|x64
		{F15EB7F3-CBE6-4E63-B118-F3F5A9B34FB6}.Debug|x64.Build.0 = Debug|x64
		{F15EB7F3-CBE6-4E63-B118-F3F5A9B34FB6}.Debug|x86.ActiveCfg = Debug|Win32
		{F15EB7F3-CBE6-4E63-B118-F3F5A9B34FB6}.Debug|x86.Build.0 = Debug|Win32
		{F15EB7F3-CBE6-4E63-B118-F3F5A9B34FB6}.Release|x64.ActiveCfg = Release|x64
		{F15EB7F3-CBE6-4E63-B118-F3F5A9B34FB6}.Release|x64.Build.0 = Release|x64
		{F15EB7F3-CBE6-4E63-B118-F3F5A9B34FB6}.Release|x86.ActiveCfg = Release|Win32
		{F15EB7F3-CBE6-4E63-B118-F3F5A9B34FB6}.Release|x86.Build.0 = Release|Win32
		{77E3B214-4A16-4D4B-8E11-835BA8231DC2}.Debug|x64.ActiveCfg = Debug|x64
		{77E3B214-4A16-4D4B-8E11-835BA8231DC2}.Debug|x64.Build.0 = Debug|x64
		{77E3B214-4A16-4D4B-8E11-835BA8231DC2}.Debug|x86.ActiveCfg = Debug|Win32
		{77E3B214-4A16-4D4B-8E11-835BA8231DC2}.Debug|x86.Build.0 = Debug|Win32
		{77E3B214-4A16-4D4B-8E11-835BA8231DC2}.Release|x64.ActiveCfg = Release|x64
		{77E3B214-4A16-4D4B-8E11-835BA8231DC2}.Release|x64.Build.0 = Release|x64
		{77E3B214-4A16-4D4B-8E11-835BA8231DC2}.Release|x86.ActiveCfg = Release|Win32
		{77E3B214-4A16-4D4B-8E11-835BA8231DC2}.Release|x86.Build.0 = Release|Win32
	EndGlobalSection
	GlobalSection(SolutionProperties) = preSolution
		HideSolutionNode = FALSE
	EndGlobalSection
	GlobalSection(ExtensibilityGlobals) = postSolution
		SolutionGuid = {61771325-955F-41A8-B78E-DE894A044597}
	EndGlobalSection
EndGlobal
