
Microsoft Visual Studio Solution File, Format Version 12.00
# Visual Studio 15
VisualStudioVersion = 15.0.27130.2027
MinimumVisualStudioVersion = 10.0.40219.1
Project("{8BC9CEB8-8B4A-11D0-8D11-00A0C91BC942}") = "Project1", "Project1\Project1.vcxproj", "{7A005ECD-E846-4EF3-896E-5E4C92D0962E}"
EndProject
Global
	GlobalSection(SolutionConfigurationPlatforms) = preSolution
		Debug|x64 = Debug|x64
		Debug|x86 = Debug|x86
		Release|x64 = Release|x64
		Release|x86 = Release|x86
	EndGlobalSection
	GlobalSection(ProjectConfigurationPlatforms) = postSolution
		{7A005ECD-E846-4EF3-896E-5E4C92D0962E}.Debug|x64.ActiveCfg = Debug|x64
		{7A005ECD-E846-4EF3-896E-5E4C92D0962E}.Debug|x64.Build.0 = Debug|x64
		{7A005ECD-E846-4EF3-896E-5E4C92D0962E}.Debug|x86.ActiveCfg = Debug|Win32
		{7A005ECD-E846-4EF3-896E-5E4C92D0962E}.Debug|x86.Build.0 = Debug|Win32
		{7A005ECD-E846-4EF3-896E-5E4C92D0962E}.Release|x64.ActiveCfg = Release|x64
		{7A005ECD-E846-4EF3-896E-5E4C92D0962E}.Release|x64.Build.0 = Release|x64
		{7A005ECD-E846-4EF3-896E-5E4C92D0962E}.Release|x86.ActiveCfg = Release|Win32
		{7A005ECD-E846-4EF3-896E-5E4C92D0962E}.Release|x86.Build.0 = Release|Win32
	EndGlobalSection
	GlobalSection(SolutionProperties) = preSolution
		HideSolutionNode = FALSE
	EndGlobalSection
	GlobalSection(ExtensibilityGlobals) = postSolution
		SolutionGuid = {37D68570-CC17-4D9C-9B1E-B99C9CC451A1}
	EndGlobalSection
EndGlobal
